<?xml version="1.0" encoding="utf-8"?>
<Project ToolsVersion="4.0" xmlns="http://schemas.microsoft.com/developer/msbuild/2003">
  <ItemGroup>
    <Filter Include="Resource Files">
      <UniqueIdentifier>{67DA6AB6-F800-4c08-8B7A-83BB121AAD01}</UniqueIdentifier>
      <Extensions>qrc;rc;ico;cur;bmp;dlg;rc2;rct;bin;rgs;gif;jpg;jpeg;jpe;resx;tiff;tif;png;wav;mfcribbon-ms</Extensions>
    </Filter>
    <Filter Include="Form Files">
      <UniqueIdentifier>{99349809-55BA-4b9d-BF79-8FDBB0286EB3}</UniqueIdentifier>
      <Extensions>ui</Extensions>
    </Filter>
    <Filter Include="Translation Files">
      <UniqueIdentifier>{639EADAA-A684-42e4-A9AD-28FC9BCB8F7C}</UniqueIdentifier>
      <Extensions>ts</Extensions>
    </Filter>
    <Filter Include="src">
      <UniqueIdentifier>{4FC737F1-C7A5-4376-A066-2A32D752A2FF}</UniqueIdentifier>
      <Extensions>qml;cpp;c;cc;cxx;def;odl;idl;hpj;bat;asm;asmx</Extensions>
    </Filter>
    <Filter Include="src\D3D12">
      <UniqueIdentifier>{0a0fa036-67e4-4a77-b2e8-6f03ca1ec16f}</UniqueIdentifier>
    </Filter>
    <Filter Include="src\D3D12\tools">
      <UniqueIdentifier>{a37e9276-55f8-4290-827d-12cf71d0035d}</UniqueIdentifier>
    </Filter>
  </ItemGroup>
  <ItemGroup>
    <QtRcc Include="D3D12App.qrc">
      <Filter>Resource Files</Filter>
    </QtRcc>
    <QtUic Include="D3D12App.ui">
      <Filter>Form Files</Filter>
    </QtUic>
  </ItemGroup>
  <ItemGroup>
    <ClCompile Include="src\D3D12\tools\GameTimer.cpp">
      <Filter>src\D3D12\tools</Filter>
    </ClCompile>
    <ClCompile Include="src\D3D12\tools\ToolForD12.cpp">
      <Filter>src\D3D12\tools</Filter>
    </ClCompile>
    <ClCompile Include="src\D3D12\Camera.cpp">
      <Filter>src\D3D12</Filter>
    </ClCompile>
    <ClCompile Include="src\D3D12\D3D12App.cpp">
      <Filter>src\D3D12</Filter>
    </ClCompile>
    <ClCompile Include="src\D3D12\D3D12Render.cpp">
      <Filter>src\D3D12</Filter>
    </ClCompile>
    <ClCompile Include="src\main.cpp">
      <Filter>src\D3D12</Filter>
    </ClCompile>
    <ClCompile Include="src\D3D12\MeshGeometry.cpp">
      <Filter>src\D3D12</Filter>
    </ClCompile>
    <ClCompile Include="src\D3D12\ObjectConsts.cpp">
      <Filter>src\D3D12</Filter>
    </ClCompile>
    <ClCompile Include="src\D3D12\UploadBuffer.cpp">
      <Filter>src\D3D12</Filter>
    </ClCompile>
    <ClCompile Include="src\D3D12\Vertex.cpp">
      <Filter>src\D3D12</Filter>
    </ClCompile>
  </ItemGroup>
  <ItemGroup>
    <ClInclude Include="src\D3D12\tools\d3dx12.h">
      <Filter>src\D3D12\tools</Filter>
    </ClInclude>
    <ClInclude Include="src\D3D12\tools\GameTimer.h">
      <Filter>src\D3D12\tools</Filter>
    </ClInclude>
    <ClInclude Include="src\D3D12\tools\MyMath.h">
      <Filter>src\D3D12\tools</Filter>
    </ClInclude>
    <ClInclude Include="src\D3D12\tools\ToolForD12.h">
      <Filter>src\D3D12\tools</Filter>
    </ClInclude>
    <ClInclude Include="src\D3D12\Camera.h">
      <Filter>src\D3D12</Filter>
    </ClInclude>
    <ClInclude Include="src\D3D12\D3D12Render.h">
      <Filter>src\D3D12</Filter>
    </ClInclude>
    <ClInclude Include="src\D3D12\MeshGeometry.h">
      <Filter>src\D3D12</Filter>
    </ClInclude>
    <ClInclude Include="src\D3D12\ObjectConsts.h">
      <Filter>src\D3D12</Filter>
    </ClInclude>
    <ClInclude Include="src\D3D12\UploadBuffer.h">
      <Filter>src\D3D12</Filter>
    </ClInclude>
    <ClInclude Include="src\D3D12\Vertex.h">
      <Filter>src\D3D12</Filter>
    </ClInclude>
  </ItemGroup>
  <ItemGroup>
    <QtMoc Include="src\D3D12\D3D12App.h">
      <Filter>src\D3D12</Filter>
    </QtMoc>
  </ItemGroup>
</Project>