<?xml version="1.0" encoding="utf-8"?>
<Project ToolsVersion="4.0" xmlns="http://schemas.microsoft.com/developer/msbuild/2003">
  <ItemGroup>
    <Filter Include="Resource Files">
      <UniqueIdentifier>{67DA6AB6-F800-4c08-8B7A-83BB121AAD01}</UniqueIdentifier>
      <Extensions>qrc;rc;ico;cur;bmp;dlg;rc2;rct;bin;rgs;gif;jpg;jpeg;jpe;resx;tiff;tif;png;wav;mfcribbon-ms</Extensions>
    </Filter>
    <Filter Include="Form Files">
      <UniqueIdentifier>{99349809-55BA-4b9d-BF79-8FDBB0286EB3}</UniqueIdentifier>
      <Extensions>ui</Extensions>
    </Filter>
    <Filter Include="Translation Files">
      <UniqueIdentifier>{639EADAA-A684-42e4-A9AD-28FC9BCB8F7C}</UniqueIdentifier>
      <Extensions>ts</Extensions>
    </Filter>
    <Filter Include="src">
      <UniqueIdentifier>{4FC737F1-C7A5-4376-A066-2A32D752A2FF}</UniqueIdentifier>
      <Extensions>qml;cpp;c;cc;cxx;def;odl;idl;hpj;bat;asm;asmx</Extensions>
    </Filter>
    <Filter Include="src\D3D12">
      <UniqueIdentifier>{0a0fa036-67e4-4a77-b2e8-6f03ca1ec16f}</UniqueIdentifier>
    </Filter>
    <Filter Include="src\Utils">
      <UniqueIdentifier>{b17a5eaa-c60d-48b7-8cd7-4aeea265a7f7}</UniqueIdentifier>
    </Filter>
    <Filter Include="src\Math">
      <UniqueIdentifier>{cbec9783-e4ee-41c2-94b9-62471fcb84b9}</UniqueIdentifier>
    </Filter>
    <Filter Include="src\Texture">
      <UniqueIdentifier>{6d4cb693-6050-4e44-92da-090521fd20f4}</UniqueIdentifier>
    </Filter>
    <Filter Include="src\TextureLoader">
      <UniqueIdentifier>{68455599-1f19-4ab8-b78a-1a9170c61b35}</UniqueIdentifier>
    </Filter>
    <Filter Include="src\File">
      <UniqueIdentifier>{4e87d93b-d95f-42b9-85c5-425c6692129c}</UniqueIdentifier>
    </Filter>
    <Filter Include="src\Render">
      <UniqueIdentifier>{50a792dc-0dc4-45cc-a147-a800b22c8d2d}</UniqueIdentifier>
    </Filter>
    <Filter Include="src\Shader">
      <UniqueIdentifier>{8d28b37f-e690-457e-8fb6-565398863fde}</UniqueIdentifier>
    </Filter>
    <Filter Include="src\Mesh">
      <UniqueIdentifier>{0b313cf5-65d8-455c-bd8f-3f87403dcca8}</UniqueIdentifier>
    </Filter>
    <Filter Include="src\Scene">
      <UniqueIdentifier>{34e025a9-a7d8-4d9f-96dc-801c3c1b5897}</UniqueIdentifier>
    </Filter>
  </ItemGroup>
  <ItemGroup>
    <QtRcc Include="D3D12App.qrc">
      <Filter>Resource Files</Filter>
    </QtRcc>
    <QtUic Include="D3D12App.ui">
      <Filter>Form Files</Filter>
    </QtUic>
  </ItemGroup>
  <ItemGroup>
    <ClCompile Include="src\D3D12\MeshGeometry.cpp">
      <Filter>src\D3D12</Filter>
    </ClCompile>
    <ClCompile Include="src\D3D12\D3D12DescriptorCache.cpp">
      <Filter>src\D3D12</Filter>
    </ClCompile>
    <ClCompile Include="src\D3D12\D3D12HeapSlotAllocator.cpp">
      <Filter>src\D3D12</Filter>
    </ClCompile>
    <ClCompile Include="src\D3D12\D3D12MemoryAllocator.cpp">
      <Filter>src\D3D12</Filter>
    </ClCompile>
    <ClCompile Include="src\D3D12\D3D12Resource.cpp">
      <Filter>src\D3D12</Filter>
    </ClCompile>
    <ClCompile Include="src\D3D12\D3D12CommandContext.cpp">
      <Filter>src\D3D12</Filter>
    </ClCompile>
    <ClCompile Include="src\D3D12\D3D12Device.cpp">
      <Filter>src\D3D12</Filter>
    </ClCompile>
    <ClCompile Include="src\D3D12\D3D12RHI.cpp">
      <Filter>src\D3D12</Filter>
    </ClCompile>
    <ClCompile Include="src\D3D12\D3D12Buffer.cpp">
      <Filter>src\D3D12</Filter>
    </ClCompile>
    <ClCompile Include="src\D3D12\D3D12Texture.cpp">
      <Filter>src\D3D12</Filter>
    </ClCompile>
    <ClCompile Include="src\D3D12\D3D12Viewport.cpp">
      <Filter>src\D3D12</Filter>
    </ClCompile>
    <ClCompile Include="src\Utils\GameTimer.cpp">
      <Filter>src\Utils</Filter>
    </ClCompile>
    <ClCompile Include="src\D3D12\D3D12View.cpp">
      <Filter>src\D3D12</Filter>
    </ClCompile>
    <ClCompile Include="src\Math\Transform.cpp">
      <Filter>src\Math</Filter>
    </ClCompile>
    <ClCompile Include="src\Texture\Texture.cpp">
      <Filter>src\Texture</Filter>
    </ClCompile>
    <ClCompile Include="src\Texture\TextureRepository.cpp">
      <Filter>src\Texture</Filter>
    </ClCompile>
    <ClCompile Include="src\TextureLoader\DDSTextureLoader.cpp">
      <Filter>src\TextureLoader</Filter>
    </ClCompile>
    <ClCompile Include="src\TextureLoader\HDRTextureLoader.cpp">
      <Filter>src\TextureLoader</Filter>
    </ClCompile>
    <ClCompile Include="src\TextureLoader\WICTextureLoader.cpp">
      <Filter>src\TextureLoader</Filter>
    </ClCompile>
    <ClCompile Include="src\File\BinaryReader.cpp">
      <Filter>src\File</Filter>
    </ClCompile>
    <ClCompile Include="src\File\BinarySaver.cpp">
      <Filter>src\File</Filter>
    </ClCompile>
    <ClCompile Include="src\shader\Shader.cpp">
      <Filter>src\Shader</Filter>
    </ClCompile>
    <ClCompile Include="src\Render\D3D12App.cpp">
      <Filter>src\Render</Filter>
    </ClCompile>
    <ClCompile Include="src\Render\D3D12Render.cpp">
      <Filter>src\Render</Filter>
    </ClCompile>
    <ClCompile Include="src\main.cpp">
      <Filter>src</Filter>
    </ClCompile>
    <ClCompile Include="src\Math\Math.cpp">
      <Filter>src\Math</Filter>
    </ClCompile>
    <ClCompile Include="src\D3D12\D3D12Utils.cpp">
      <Filter>src\D3D12</Filter>
    </ClCompile>
    <ClCompile Include="src\Mesh\Mesh.cpp">
      <Filter>src\Mesh</Filter>
    </ClCompile>
    <ClCompile Include="src\Mesh\MeshLoader.cpp">
      <Filter>src\Mesh</Filter>
    </ClCompile>
    <ClCompile Include="src\Scene\Camera.cpp">
      <Filter>src\Scene</Filter>
    </ClCompile>
    <ClCompile Include="src\Render\InputLayout.cpp">
      <Filter>src\Render</Filter>
    </ClCompile>
    <ClCompile Include="src\Render\PSO.cpp">
      <Filter>src\Render</Filter>
    </ClCompile>
    <ClCompile Include="src\Render\RenderTarget.cpp">
      <Filter>src\Render</Filter>
    </ClCompile>
  </ItemGroup>
  <ItemGroup>
    <ClInclude Include="src\D3D12\MeshGeometry.h">
      <Filter>src\D3D12</Filter>
    </ClInclude>
    <ClInclude Include="src\D3D12\D3D12DescriptorCache.h">
      <Filter>src\D3D12</Filter>
    </ClInclude>
    <ClInclude Include="src\D3D12\D3D12HeapSlotAllocator.h">
      <Filter>src\D3D12</Filter>
    </ClInclude>
    <ClInclude Include="src\D3D12\D3D12MemoryAllocator.h">
      <Filter>src\D3D12</Filter>
    </ClInclude>
    <ClInclude Include="src\D3D12\D3D12Resource.h">
      <Filter>src\D3D12</Filter>
    </ClInclude>
    <ClInclude Include="src\D3D12\D3D12CommandContext.h">
      <Filter>src\D3D12</Filter>
    </ClInclude>
    <ClInclude Include="src\D3D12\D3D12Device.h">
      <Filter>src\D3D12</Filter>
    </ClInclude>
    <ClInclude Include="src\D3D12\D3D12RHI.h">
      <Filter>src\D3D12</Filter>
    </ClInclude>
    <ClInclude Include="src\D3D12\D3D12Buffer.h">
      <Filter>src\D3D12</Filter>
    </ClInclude>
    <ClInclude Include="src\D3D12\D3D12Texture.h">
      <Filter>src\D3D12</Filter>
    </ClInclude>
    <ClInclude Include="src\D3D12\D3D12Viewport.h">
      <Filter>src\D3D12</Filter>
    </ClInclude>
    <ClInclude Include="src\D3D12\d3dx12.h">
      <Filter>src\D3D12</Filter>
    </ClInclude>
    <ClInclude Include="src\Utils\GameTimer.h">
      <Filter>src\Utils</Filter>
    </ClInclude>
    <ClInclude Include="src\D3D12\D3D12View.h">
      <Filter>src\D3D12</Filter>
    </ClInclude>
    <ClInclude Include="src\Math\IntPoint.h">
      <Filter>src\Math</Filter>
    </ClInclude>
    <ClInclude Include="src\Math\Matrix.h">
      <Filter>src\Math</Filter>
    </ClInclude>
    <ClInclude Include="src\Math\Transform.h">
      <Filter>src\Math</Filter>
    </ClInclude>
    <ClInclude Include="src\Math\Vector2.h">
      <Filter>src\Math</Filter>
    </ClInclude>
    <ClInclude Include="src\Math\Vector3.h">
      <Filter>src\Math</Filter>
    </ClInclude>
    <ClInclude Include="src\Math\Vector4.h">
      <Filter>src\Math</Filter>
    </ClInclude>
    <ClInclude Include="src\Texture\Texture.h">
      <Filter>src\Texture</Filter>
    </ClInclude>
    <ClInclude Include="src\Texture\TextureInfo.h">
      <Filter>src\Texture</Filter>
    </ClInclude>
    <ClInclude Include="src\Texture\TextureRepository.h">
      <Filter>src\Texture</Filter>
    </ClInclude>
    <ClInclude Include="src\TextureLoader\DDS.h">
      <Filter>src\TextureLoader</Filter>
    </ClInclude>
    <ClInclude Include="src\TextureLoader\DDSTextureLoader.h">
      <Filter>src\TextureLoader</Filter>
    </ClInclude>
    <ClInclude Include="src\TextureLoader\HDRTextureLoader.h">
      <Filter>src\TextureLoader</Filter>
    </ClInclude>
    <ClInclude Include="src\TextureLoader\LoaderHelpers.h">
      <Filter>src\TextureLoader</Filter>
    </ClInclude>
    <ClInclude Include="src\TextureLoader\stb_image.h">
      <Filter>src\TextureLoader</Filter>
    </ClInclude>
    <ClInclude Include="src\TextureLoader\WICTextureLoader.h">
      <Filter>src\TextureLoader</Filter>
    </ClInclude>
    <ClInclude Include="src\Utils\FormatConvert.h">
      <Filter>src\Utils</Filter>
    </ClInclude>
    <ClInclude Include="src\Utils\Logger.h">
      <Filter>src\Utils</Filter>
    </ClInclude>
    <ClInclude Include="src\File\BinaryReader.h">
      <Filter>src\File</Filter>
    </ClInclude>
    <ClInclude Include="src\File\BinarySaver.h">
      <Filter>src\File</Filter>
    </ClInclude>
    <ClInclude Include="src\File\FileHelpers.h">
      <Filter>src\File</Filter>
    </ClInclude>
    <ClInclude Include="src\File\PlatformHelpers.h">
      <Filter>src\File</Filter>
    </ClInclude>
    <ClInclude Include="src\shader\Shader.h">
      <Filter>src\Shader</Filter>
    </ClInclude>
    <ClInclude Include="src\Render\D3D12Render.h">
      <Filter>src\Render</Filter>
    </ClInclude>
    <ClInclude Include="src\Math\Math.h">
      <Filter>src\Math</Filter>
    </ClInclude>
    <ClInclude Include="src\D3D12\D3D12Utils.h">
      <Filter>src\D3D12</Filter>
    </ClInclude>
    <ClInclude Include="src\Mesh\Mesh.h">
      <Filter>src\Mesh</Filter>
    </ClInclude>
    <ClInclude Include="src\Mesh\MeshLoader.h">
      <Filter>src\Mesh</Filter>
    </ClInclude>
    <ClInclude Include="src\Scene\Camera.h">
      <Filter>src\Scene</Filter>
    </ClInclude>
    <ClInclude Include="src\Render\InputLayout.h">
      <Filter>src\Render</Filter>
    </ClInclude>
    <ClInclude Include="src\Render\PSO.h">
      <Filter>src\Render</Filter>
    </ClInclude>
    <ClInclude Include="src\Render\RenderTarget.h">
      <Filter>src\Render</Filter>
    </ClInclude>
  </ItemGroup>
  <ItemGroup>
    <QtMoc Include="src\Render\D3D12App.h">
      <Filter>src\Render</Filter>
    </QtMoc>
  </ItemGroup>
</Project>